
Microsoft Visual Studio Solution File, Format Version 12.00
# Visual Studio Version 17
VisualStudioVersion = 17.8.34316.72
MinimumVisualStudioVersion = 10.0.40219.1
Project("{9A19103F-16F7-4668-BE54-9A1E7A4F7556}") = "StockWeb", "StockWeb.csproj", "{750B01E2-7CA1-4C7C-A9C1-43A8FCBBBB13}"
EndProject
Project("{FAE04EC0-301F-11D3-BF4B-00C04F79EFBC}") = "TimerForUpdateStockDayInfo", "..\TimerForUpdateStockDayInfo\TimerForUpdateStockDayInfo.csproj", "{D26E7249-9F8D-4DA5-97D8-96FE35A6E9F3}"
EndProject
Global
	GlobalSection(SolutionConfigurationPlatforms) = preSolution
		Debug|Any CPU = Debug|Any CPU
		Release|Any CPU = Release|Any CPU
	EndGlobalSection
	GlobalSection(ProjectConfigurationPlatforms) = postSolution
		{750B01E2-7CA1-4C7C-A9C1-43A8FCBBBB13}.Debug|Any CPU.ActiveCfg = Debug|Any CPU
		{750B01E2-7CA1-4C7C-A9C1-43A8FCBBBB13}.Debug|Any CPU.Build.0 = Debug|Any CPU
		{750B01E2-7CA1-4C7C-A9C1-43A8FCBBBB13}.Release|Any CPU.ActiveCfg = Release|Any CPU
		{750B01E2-7CA1-4C7C-A9C1-43A8FCBBBB13}.Release|Any CPU.Build.0 = Release|Any CPU
		{D26E7249-9F8D-4DA5-97D8-96FE35A6E9F3}.Debug|Any CPU.ActiveCfg = Debug|Any CPU
		{D26E7249-9F8D-4DA5-97D8-96FE35A6E9F3}.Debug|Any CPU.Build.0 = Debug|Any CPU
		{D26E7249-9F8D-4DA5-97D8-96FE35A6E9F3}.Release|Any CPU.ActiveCfg = Release|Any CPU
		{D26E7249-9F8D-4DA5-97D8-96FE35A6E9F3}.Release|Any CPU.Build.0 = Release|Any CPU
	EndGlobalSection
	GlobalSection(SolutionProperties) = preSolution
		HideSolutionNode = FALSE
	EndGlobalSection
	GlobalSection(ExtensibilityGlobals) = postSolution
		SolutionGuid = {6FFD5C76-74BE-4BD9-B633-2FA7F81C8125}
	EndGlobalSection
EndGlobal
